<Solution>
  <Folder Name="/common/">
    <File Path="Directory.Build.props" />
    <File Path="Directory.Packages.props" />
  </Folder>
  <Folder Name="/ci-cd/">
    <File Path=".github/workflows/deploy.yml" />
    <File Path="scripts/deploy.sh" />
    <File Path="scripts/resolve-deployment-context.sh" />
    <File Path="scripts/smoke-docker-image.sh" />
  </Folder>
  <Folder Name="/misc/">
    <File Path=".editorconfig" />
    <File Path=".gitattributes" />
    <File Path=".gitignore" />
    <File Path="docker-compose.yaml" />
    <File Path="global.json" />
  </Folder>
  <Folder Name="/src/">
    <Project Path="src/ZeroX2C.Blog.API/ZeroX2C.Blog.API.csproj" />
  </Folder>
</Solution>
